
Microsoft Visual Studio Solution File, Format Version 12.00
# Visual Studio Version 17
VisualStudioVersion = 17.2.32630.192
MinimumVisualStudioVersion = 10.0.40219.1
Project("{9A19103F-16F7-4668-BE54-9A1E7A4F7556}") = "MySqlToolkit", "MySqlToolkit.csproj", "{757027C5-A75F-42FD-89DE-62F421CDB60F}"
EndProject
Global
	GlobalSection(SolutionConfigurationPlatforms) = preSolution
		Debug|Any CPU = Debug|Any CPU
		Release|Any CPU = Release|Any CPU
	EndGlobalSection
	GlobalSection(ProjectConfigurationPlatforms) = postSolution
		{757027C5-A75F-42FD-89DE-62F421CDB60F}.Debug|Any CPU.ActiveCfg = Debug|Any CPU
		{757027C5-A75F-42FD-89DE-62F421CDB60F}.Debug|Any CPU.Build.0 = Debug|Any CPU
		{757027C5-A75F-42FD-89DE-62F421CDB60F}.Release|Any CPU.ActiveCfg = Release|Any CPU
		{757027C5-A75F-42FD-89DE-62F421CDB60F}.Release|Any CPU.Build.0 = Release|Any CPU
	EndGlobalSection
	GlobalSection(SolutionProperties) = preSolution
		HideSolutionNode = FALSE
	EndGlobalSection
	GlobalSection(ExtensibilityGlobals) = postSolution
		SolutionGuid = {CBE1BA83-A661-4FB8-8A35-6F3F0E8DA5B1}
	EndGlobalSection
EndGlobal
